{
  "name": "root-repo",
  "version": "1.0.0",
  "lockfileVersion": 3,
  "requires": true,
  "packages": {
    "": {
      "name": "root-repo",
      "version": "1.0.0",
      "devDependencies": {
        "turbo": "^2.11.7"
      }
    },
    "node_modules/@turbo/darwin-64": {
      "version": "2.11.7",
      "resolved": "https://registry.npmjs.org/@turbo/darwin-64/-/darwin-64-2.11.7.tgz",
      "integrity": "sha512-Z2LFOxwbiJueD1miByXJS/BrW21vv6YaQXZustty5jEX4vQYw6zyh101Sz1QO7WG0mqBzKagZ/DoAeeujI0/Sw==",
      "cpu": [
        "x64"
      ],
      "dev": true,
      "license": "MIT",
      "optional": true,
      "os": [
        "darwin"
      ]
    },
    "node_modules/@turbo/darwin-arm64": {
      "version": "2.11.7",
      "resolved": "https://registry.npmjs.org/@turbo/darwin-arm64/-/darwin-arm64-2.11.7.tgz",
      "integrity": "sha512-Vhv8ybgIflosNDSSRD9fNXHlCFA60dsGyTqQmc7l28SEX5jOaweCCD4BBYNd8/p0WGkw3e7tZbfA9w6FsujGvw==",
      "cpu": [
        "arm64"
      ],
      "dev": true,
      "license": "MIT",
      "optional": true,
      "os": [
        "darwin"
      ]
    },
    "node_modules/@turbo/linux-64": {
      "version": "2.11.7",
      "resolved": "https://registry.npmjs.org/@turbo/linux-64/-/linux-64-2.11.7.tgz",
      "integrity": "sha512-rAqRp3blQKk1+ylMGlZHAW0eJjVNuuGUm4ZrC6RU1Im8tLryvaO4a2zLQ/FQi1TRlmKqKV9YXBki2YeytlLbXA==",
      "cpu": [
        "x64"
      ],
      "dev": true,
      "license": "MIT",
      "optional": true,
      "os": [
        "android",
        "linux"
      ]
    },
    "node_modules/@turbo/linux-arm64": {
      "version": "2.11.7",
      "resolved": "https://registry.npmjs.org/@turbo/linux-arm64/-/linux-arm64-2.11.7.tgz",
      "integrity": "sha512-thVYGov7S+llXAxrl3kBb/efalav0xhrjl5NHCR6AfKx14JkbqaetvbVwyss4FvZ9rt+Pv3xsTb+8SIYix8DTg==",
      "cpu": [
        "arm64"
      ],
      "dev": true,
      "license": "MIT",
      "optional": true,
      "os": [
        "android",
        "linux"
      ]
    },
    "node_modules/@turbo/windows-64": {
      "version": "2.11.7",
      "resolved": "https://registry.npmjs.org/@turbo/windows-64/-/windows-64-2.11.7.tgz",
      "integrity": "sha512-ZIoKT7J7KutgYl4bGxmmgeUQjG+7E0nY8BF9dxUOiMH2vdTsM4JQ2uSwTYFkTR2Llbg6ghGjSmuZ8LQtkLEYjg==",
      "cpu": [
        "x64"
      ],
      "dev": true,
      "license": "MIT",
      "optional": true,
      "os": [
        "win32"
      ]
    },
    "node_modules/@turbo/windows-arm64": {
      "version": "2.11.7",
      "resolved": "https://registry.npmjs.org/@turbo/windows-arm64/-/windows-arm64-2.11.7.tgz",
      "integrity": "sha512-88Xv2f7SLGVJ68lRRx8o375dKmnZYNdDtvlKcPA0kZpcF93eAQd8l96BKQ0/AMHG0bMJA0Z5QqoqtetxzNsC+g==",
      "cpu": [
        "arm64"
      ],
      "dev": true,
      "license": "MIT",
      "optional": true,
      "os": [
        "win32"
      ]
    },
    "node_modules/turbo": {
      "version": "2.11.7",
      "resolved": "https://registry.npmjs.org/turbo/-/turbo-2.11.7.tgz",
      "integrity": "sha512-RhXHbqfvY6o3xt/zSHCwSNwLrZlXiqHzewi4eAj9PtZ1T1CqgMJ2yIDb7SKPTG9IikTm925mfzL6hldQVdyNWw==",
      "dev": true,
      "license": "MIT",
      "bin": {
        "turbo": "bin/turbo"
      },
      "optionalDependencies": {
        "@turbo/darwin-64": "2.11.7",
        "@turbo/darwin-arm64": "2.11.7",
        "@turbo/linux-64": "2.11.7",
        "@turbo/linux-arm64": "2.11.7",
        "@turbo/windows-64": "2.11.7",
        "@turbo/windows-arm64": "2.11.7"
      }
    }
  }
}
